// !$*UTF8*$!
{
	archiveVersion = 1;
	classes = {
	};
	objectVersion = 50;
	objects = {

/* Begin PBXBuildFile section */
		C57DADCE22CA57A3001E09D2 /* AppDelegate.swift in Sources */ = {isa = PBXBuildFile; fileRef = C57DADCD22CA57A3001E09D2 /* AppDelegate.swift */; };
		C57DADD022CA57A3001E09D2 /* ViewController.swift in Sources */ = {isa = PBXBuildFile; fileRef = C57DADCF22CA57A3001E09D2 /* ViewController.swift */; };
		C57DADD322CA57A3001E09D2 /* Main.storyboard in Resources */ = {isa = PBXBuildFile; fileRef = C57DADD122CA57A3001E09D2 /* Main.storyboard */; };
		C57DADD522CA57A5001E09D2 /* Assets.xcassets in Resources */ = {isa = PBXBuildFile; fileRef = C57DADD422CA57A5001E09D2 /* Assets.xcassets */; };
		C57DADD822CA57A5001E09D2 /* LaunchScreen.storyboard in Resources */ = {isa = PBXBuildFile; fileRef = C57DADD622CA57A5001E09D2 /* LaunchScreen.storyboard */; };
		C57DADE322CA57A5001E09D2 /* ConcentrationTests.swift in Sources */ = {isa = PBXBuildFile; fileRef = C57DADE222CA57A5001E09D2 /* ConcentrationTests.swift */; };
		C57DADEE22CA57A5001E09D2 /* ConcentrationUITests.swift in Sources */ = {isa = PBXBuildFile; fileRef = C57DADED22CA57A5001E09D2 /* ConcentrationUITests.swift */; };
		C57DADFD22CB5AAB001E09D2 /* Concentration.swift in Sources */ = {isa = PBXBuildFile; fileRef = C57DADFC22CB5AAB001E09D2 /* Concentration.swift */; };
		C57DADFF22CB5BA5001E09D2 /* Card.swift in Sources */ = {isa = PBXBuildFile; fileRef = C57DADFE22CB5BA5001E09D2 /* Card.swift */; };
/* End PBXBuildFile section */

/* Begin PBXContainerItemProxy section */
		C57DADDF22CA57A5001E09D2 /* PBXContainerItemProxy */ = {
			isa = PBXContainerItemProxy;
			containerPortal = C57DADC222CA57A3001E09D2 /* Project object */;
			proxyType = 1;
			remoteGlobalIDString = C57DADC922CA57A3001E09D2;
			remoteInfo = Concentration;
		};
		C57DADEA22CA57A5001E09D2 /* PBXContainerItemProxy */ = {
			isa = PBXContainerItemProxy;
			containerPortal = C57DADC222CA57A3001E09D2 /* Project object */;
			proxyType = 1;
			remoteGlobalIDString = C57DADC922CA57A3001E09D2;
			remoteInfo = Concentration;
		};
/* End PBXContainerItemProxy section */

/* Begin PBXFileReference section */
		C57DADCA22CA57A3001E09D2 /* Concentration.app */ = {isa = PBXFileReference; explicitFileType = wrapper.application; includeInIndex = 0; path = Concentration.app; sourceTree = BUILT_PRODUCTS_DIR; };
		C57DADCD22CA57A3001E09D2 /* AppDelegate.swift */ = {isa = PBXFileReference; lastKnownFileType = sourcecode.swift; path = AppDelegate.swift; sourceTree = "<group>"; };
		C57DADCF22CA57A3001E09D2 /* ViewController.swift */ = {isa = PBXFileReference; lastKnownFileType = sourcecode.swift; path = ViewController.swift; sourceTree = "<group>"; };
		C57DADD222CA57A3001E09D2 /* Base */ = {isa = PBXFileReference; lastKnownFileType = file.storyboard; name = Base; path = Base.lproj/Main.storyboard; sourceTree = "<group>"; };
		C57DADD422CA57A5001E09D2 /* Assets.xcassets */ = {isa = PBXFileReference; lastKnownFileType = folder.assetcatalog; path = Assets.xcassets; sourceTree = "<group>"; };
		C57DADD722CA57A5001E09D2 /* Base */ = {isa = PBXFileReference; lastKnownFileType = file.storyboard; name = Base; path = Base.lproj/LaunchScreen.storyboard; sourceTree = "<group>"; };
		C57DADD922CA57A5001E09D2 /* Info.plist */ = {isa = PBXFileReference; lastKnownFileType = text.plist.xml; path = Info.plist; sourceTree = "<group>"; };
		C57DADDE22CA57A5001E09D2 /* ConcentrationTests.xctest */ = {isa = PBXFileReference; explicitFileType = wrapper.cfbundle; includeInIndex = 0; path = ConcentrationTests.xctest; sourceTree = BUILT_PRODUCTS_DIR; };
		C57DADE222CA57A5001E09D2 /* ConcentrationTests.swift */ = {isa = PBXFileReference; lastKnownFileType = sourcecode.swift; path = ConcentrationTests.swift; sourceTree = "<group>"; };
		C57DADE422CA57A5001E09D2 /* Info.plist */ = {isa = PBXFileReference; lastKnownFileType = text.plist.xml; path = Info.plist; sourceTree = "<group>"; };
		C57DADE922CA57A5001E09D2 /* ConcentrationUITests.xctest */ = {isa = PBXFileReference; explicitFileType = wrapper.cfbundle; includeInIndex = 0; path = ConcentrationUITests.xctest; sourceTree = BUILT_PRODUCTS_DIR; };
		C57DADED22CA57A5001E09D2 /* ConcentrationUITests.swift */ = {isa = PBXFileReference; lastKnownFileType = sourcecode.swift; path = ConcentrationUITests.swift; sourceTree = "<group>"; };
		C57DADEF22CA57A5001E09D2 /* Info.plist */ = {isa = PBXFileReference; lastKnownFileType = text.plist.xml; path = Info.plist; sourceTree = "<group>"; };
		C57DADFC22CB5AAB001E09D2 /* Concentration.swift */ = {isa = PBXFileReference; lastKnownFileType = sourcecode.swift; path = Concentration.swift; sourceTree = "<group>"; xcLanguageSpecificationIdentifier = xcode.lang.swift; };
		C57DADFE22CB5BA5001E09D2 /* Card.swift */ = {isa = PBXFileReference; lastKnownFileType = sourcecode.swift; path = Card.swift; sourceTree = "<group>"; };
/* End PBXFileReference section */

/* Begin PBXFrameworksBuildPhase section */
		C57DADC722CA57A3001E09D2 /* Frameworks */ = {
			isa = PBXFrameworksBuildPhase;
			buildActionMask = 2147483647;
			files = (
			);
			runOnlyForDeploymentPostprocessing = 0;
		};
		C57DADDB22CA57A5001E09D2 /* Frameworks */ = {
			isa = PBXFrameworksBuildPhase;
			buildActionMask = 2147483647;
			files = (
			);
			runOnlyForDeploymentPostprocessing = 0;
		};
		C57DADE622CA57A5001E09D2 /* Frameworks */ = {
			isa = PBXFrameworksBuildPhase;
			buildActionMask = 2147483647;
			files = (
			);
			runOnlyForDeploymentPostprocessing = 0;
		};
/* End PBXFrameworksBuildPhase section */

/* Begin PBXGroup section */
		C57DADC122CA57A3001E09D2 = {
			isa = PBXGroup;
			children = (
				C57DADCC22CA57A3001E09D2 /* Concentration */,
				C57DADE122CA57A5001E09D2 /* ConcentrationTests */,
				C57DADEC22CA57A5001E09D2 /* ConcentrationUITests */,
				C57DADCB22CA57A3001E09D2 /* Products */,
			);
			sourceTree = "<group>";
		};
		C57DADCB22CA57A3001E09D2 /* Products */ = {
			isa = PBXGroup;
			children = (
				C57DADCA22CA57A3001E09D2 /* Concentration.app */,
				C57DADDE22CA57A5001E09D2 /* ConcentrationTests.xctest */,
				C57DADE922CA57A5001E09D2 /* ConcentrationUITests.xctest */,
			);
			name = Products;
			sourceTree = "<group>";
		};
		C57DADCC22CA57A3001E09D2 /* Concentration */ = {
			isa = PBXGroup;
			children = (
				C57DADFC22CB5AAB001E09D2 /* Concentration.swift */,
				C57DADFE22CB5BA5001E09D2 /* Card.swift */,
				C57DADCF22CA57A3001E09D2 /* ViewController.swift */,
				C57DADD122CA57A3001E09D2 /* Main.storyboard */,
				C57DADCD22CA57A3001E09D2 /* AppDelegate.swift */,
				C57DADD422CA57A5001E09D2 /* Assets.xcassets */,
				C57DADFB22CA5A6F001E09D2 /* Supporting Files */,
				C57DADD622CA57A5001E09D2 /* LaunchScreen.storyboard */,
				C57DADD922CA57A5001E09D2 /* Info.plist */,
			);
			path = Concentration;
			sourceTree = "<group>";
		};
		C57DADE122CA57A5001E09D2 /* ConcentrationTests */ = {
			isa = PBXGroup;
			children = (
				C57DADE222CA57A5001E09D2 /* ConcentrationTests.swift */,
				C57DADE422CA57A5001E09D2 /* Info.plist */,
			);
			path = ConcentrationTests;
			sourceTree = "<group>";
		};
		C57DADEC22CA57A5001E09D2 /* ConcentrationUITests */ = {
			isa = PBXGroup;
			children = (
				C57DADED22CA57A5001E09D2 /* ConcentrationUITests.swift */,
				C57DADEF22CA57A5001E09D2 /* Info.plist */,
			);
			path = ConcentrationUITests;
			sourceTree = "<group>";
		};
		C57DADFB22CA5A6F001E09D2 /* Supporting Files */ = {
			isa = PBXGroup;
			children = (
			);
			path = "Supporting Files";
			sourceTree = "<group>";
		};
/* End PBXGroup section */

/* Begin PBXNativeTarget section */
		C57DADC922CA57A3001E09D2 /* Concentration */ = {
			isa = PBXNativeTarget;
			buildConfigurationList = C57DADF222CA57A5001E09D2 /* Build configuration list for PBXNativeTarget "Concentration" */;
			buildPhases = (
				C57DADC622CA57A3001E09D2 /* Sources */,
				C57DADC722CA57A3001E09D2 /* Frameworks */,
				C57DADC822CA57A3001E09D2 /* Resources */,
			);
			buildRules = (
			);
			dependencies = (
			);
			name = Concentration;
			productName = Concentration;
			productReference = C57DADCA22CA57A3001E09D2 /* Concentration.app */;
			productType = "com.apple.product-type.application";
		};
		C57DADDD22CA57A5001E09D2 /* ConcentrationTests */ = {
			isa = PBXNativeTarget;
			buildConfigurationList = C57DADF522CA57A5001E09D2 /* Build configuration list for PBXNativeTarget "ConcentrationTests" */;
			buildPhases = (
				C57DADDA22CA57A5001E09D2 /* Sources */,
				C57DADDB22CA57A5001E09D2 /* Frameworks */,
				C57DADDC22CA57A5001E09D2 /* Resources */,
			);
			buildRules = (
			);
			dependencies = (
				C57DADE022CA57A5001E09D2 /* PBXTargetDependency */,
			);
			name = ConcentrationTests;
			productName = ConcentrationTests;
			productReference = C57DADDE22CA57A5001E09D2 /* ConcentrationTests.xctest */;
			productType = "com.apple.product-type.bundle.unit-test";
		};
		C57DADE822CA57A5001E09D2 /* ConcentrationUITests */ = {
			isa = PBXNativeTarget;
			buildConfigurationList = C57DADF822CA57A5001E09D2 /* Build configuration list for PBXNativeTarget "ConcentrationUITests" */;
			buildPhases = (
				C57DADE522CA57A5001E09D2 /* Sources */,
				C57DADE622CA57A5001E09D2 /* Frameworks */,
				C57DADE722CA57A5001E09D2 /* Resources */,
			);
			buildRules = (
			);
			dependencies = (
				C57DADEB22CA57A5001E09D2 /* PBXTargetDependency */,
			);
			name = ConcentrationUITests;
			productName = ConcentrationUITests;
			productReference = C57DADE922CA57A5001E09D2 /* ConcentrationUITests.xctest */;
			productType = "com.apple.product-type.bundle.ui-testing";
		};
/* End PBXNativeTarget section */

/* Begin PBXProject section */
		C57DADC222CA57A3001E09D2 /* Project object */ = {
			isa = PBXProject;
			attributes = {
				LastSwiftUpdateCheck = 0940;
				LastUpgradeCheck = 0940;
				ORGANIZATIONNAME = "Madalina Sinca";
				TargetAttributes = {
					C57DADC922CA57A3001E09D2 = {
						CreatedOnToolsVersion = 9.4.1;
					};
					C57DADDD22CA57A5001E09D2 = {
						CreatedOnToolsVersion = 9.4.1;
						TestTargetID = C57DADC922CA57A3001E09D2;
					};
					C57DADE822CA57A5001E09D2 = {
						CreatedOnToolsVersion = 9.4.1;
						TestTargetID = C57DADC922CA57A3001E09D2;
					};
				};
			};
			buildConfigurationList = C57DADC522CA57A3001E09D2 /* Build configuration list for PBXProject "Concentration" */;
			compatibilityVersion = "Xcode 9.3";
			developmentRegion = en;
			hasScannedForEncodings = 0;
			knownRegions = (
				en,
				Base,
			);
			mainGroup = C57DADC122CA57A3001E09D2;
			productRefGroup = C57DADCB22CA57A3001E09D2 /* Products */;
			projectDirPath = "";
			projectRoot = "";
			targets = (
				C57DADC922CA57A3001E09D2 /* Concentration */,
				C57DADDD22CA57A5001E09D2 /* ConcentrationTests */,
				C57DADE822CA57A5001E09D2 /* ConcentrationUITests */,
			);
		};
/* End PBXProject section */

/* Begin PBXResourcesBuildPhase section */
		C57DADC822CA57A3001E09D2 /* Resources */ = {
			isa = PBXResourcesBuildPhase;
			buildActionMask = 2147483647;
			files = (
				C57DADD822CA57A5001E09D2 /* LaunchScreen.storyboard in Resources */,
				C57DADD522CA57A5001E09D2 /* Assets.xcassets in Resources */,
				C57DADD322CA57A3001E09D2 /* Main.storyboard in Resources */,
			);
			runOnlyForDeploymentPostprocessing = 0;
		};
		C57DADDC22CA57A5001E09D2 /* Resources */ = {
			isa = PBXResourcesBuildPhase;
			buildActionMask = 2147483647;
			files = (
			);
			runOnlyForDeploymentPostprocessing = 0;
		};
		C57DADE722CA57A5001E09D2 /* Resources */ = {
			isa = PBXResourcesBuildPhase;
			buildActionMask = 2147483647;
			files = (
			);
			runOnlyForDeploymentPostprocessing = 0;
		};
/* End PBXResourcesBuildPhase section */

/* Begin PBXSourcesBuildPhase section */
		C57DADC622CA57A3001E09D2 /* Sources */ = {
			isa = PBXSourcesBuildPhase;
			buildActionMask = 2147483647;
			files = (
				C57DADD022CA57A3001E09D2 /* ViewController.swift in Sources */,
				C57DADCE22CA57A3001E09D2 /* AppDelegate.swift in Sources */,
				C57DADFD22CB5AAB001E09D2 /* Concentration.swift in Sources */,
				C57DADFF22CB5BA5001E09D2 /* Card.swift in Sources */,
			);
			runOnlyForDeploymentPostprocessing = 0;
		};
		C57DADDA22CA57A5001E09D2 /* Sources */ = {
			isa = PBXSourcesBuildPhase;
			buildActionMask = 2147483647;
			files = (
				C57DADE322CA57A5001E09D2 /* ConcentrationTests.swift in Sources */,
			);
			runOnlyForDeploymentPostprocessing = 0;
		};
		C57DADE522CA57A5001E09D2 /* Sources */ = {
			isa = PBXSourcesBuildPhase;
			buildActionMask = 2147483647;
			files = (
				C57DADEE22CA57A5001E09D2 /* ConcentrationUITests.swift in Sources */,
			);
			runOnlyForDeploymentPostprocessing = 0;
		};
/* End PBXSourcesBuildPhase section */

/* Begin PBXTargetDependency section */
		C57DADE022CA57A5001E09D2 /* PBXTargetDependency */ = {
			isa = PBXTargetDependency;
			target = C57DADC922CA57A3001E09D2 /* Concentration */;
			targetProxy = C57DADDF22CA57A5001E09D2 /* PBXContainerItemProxy */;
		};
		C57DADEB22CA57A5001E09D2 /* PBXTargetDependency */ = {
			isa = PBXTargetDependency;
			target = C57DADC922CA57A3001E09D2 /* Concentration */;
			targetProxy = C57DADEA22CA57A5001E09D2 /* PBXContainerItemProxy */;
		};
/* End PBXTargetDependency section */

/* Begin PBXVariantGroup section */
		C57DADD122CA57A3001E09D2 /* Main.storyboard */ = {
			isa = PBXVariantGroup;
			children = (
				C57DADD222CA57A3001E09D2 /* Base */,
			);
			name = Main.storyboard;
			sourceTree = "<group>";
		};
		C57DADD622CA57A5001E09D2 /* LaunchScreen.storyboard */ = {
			isa = PBXVariantGroup;
			children = (
				C57DADD722CA57A5001E09D2 /* Base */,
			);
			name = LaunchScreen.storyboard;
			sourceTree = "<group>";
		};
/* End PBXVariantGroup section */

/* Begin XCBuildConfiguration section */
		C57DADF022CA57A5001E09D2 /* Debug */ = {
			isa = XCBuildConfiguration;
			buildSettings = {
				ALWAYS_SEARCH_USER_PATHS = NO;
				CLANG_ANALYZER_NONNULL = YES;
				CLANG_ANALYZER_NUMBER_OBJECT_CONVERSION = YES_AGGRESSIVE;
				CLANG_CXX_LANGUAGE_STANDARD = "gnu++14";
				CLANG_CXX_LIBRARY = "libc++";
				CLANG_ENABLE_MODULES = YES;
				CLANG_ENABLE_OBJC_ARC = YES;
				CLANG_ENABLE_OBJC_WEAK = YES;
				CLANG_WARN_BLOCK_CAPTURE_AUTORELEASING = YES;
				CLANG_WARN_BOOL_CONVERSION = YES;
				CLANG_WARN_COMMA = YES;
				CLANG_WARN_CONSTANT_CONVERSION = YES;
				CLANG_WARN_DEPRECATED_OBJC_IMPLEMENTATIONS = YES;
				CLANG_WARN_DIRECT_OBJC_ISA_USAGE = YES_ERROR;
				CLANG_WARN_DOCUMENTATION_COMMENTS = YES;
				CLANG_WARN_EMPTY_BODY = YES;
				CLANG_WARN_ENUM_CONVERSION = YES;
				CLANG_WARN_INFINITE_RECURSION = YES;
				CLANG_WARN_INT_CONVERSION = YES;
				CLANG_WARN_NON_LITERAL_NULL_CONVERSION = YES;
				CLANG_WARN_OBJC_IMPLICIT_RETAIN_SELF = YES;
				CLANG_WARN_OBJC_LITERAL_CONVERSION = YES;
				CLANG_WARN_OBJC_ROOT_CLASS = YES_ERROR;
				CLANG_WARN_RANGE_LOOP_ANALYSIS = YES;
				CLANG_WARN_STRICT_PROTOTYPES = YES;
				CLANG_WARN_SUSPICIOUS_MOVE = YES;
				CLANG_WARN_UNGUARDED_AVAILABILITY = YES_AGGRESSIVE;
				CLANG_WARN_UNREACHABLE_CODE = YES;
				CLANG_WARN__DUPLICATE_METHOD_MATCH = YES;
				CODE_SIGN_IDENTITY = "iPhone Developer";
				COPY_PHASE_STRIP = NO;
				DEBUG_INFORMATION_FORMAT = dwarf;
				ENABLE_STRICT_OBJC_MSGSEND = YES;
				ENABLE_TESTABILITY = YES;
				GCC_C_LANGUAGE_STANDARD = gnu11;
				GCC_DYNAMIC_NO_PIC = NO;
				GCC_NO_COMMON_BLOCKS = YES;
				GCC_OPTIMIZATION_LEVEL = 0;
				GCC_PREPROCESSOR_DEFINITIONS = (
					"DEBUG=1",
					"$(inherited)",
				);
				GCC_WARN_64_TO_32_BIT_CONVERSION = YES;
				GCC_WARN_ABOUT_RETURN_TYPE = YES_ERROR;
				GCC_WARN_UNDECLARED_SELECTOR = YES;
				GCC_WARN_UNINITIALIZED_AUTOS = YES_AGGRESSIVE;
				GCC_WARN_UNUSED_FUNCTION = YES;
				GCC_WARN_UNUSED_VARIABLE = YES;
				IPHONEOS_DEPLOYMENT_TARGET = 11.4;
				MTL_ENABLE_DEBUG_INFO = YES;
				ONLY_ACTIVE_ARCH = YES;
				SDKROOT = iphoneos;
				SWIFT_ACTIVE_COMPILATION_CONDITIONS = DEBUG;
				SWIFT_OPTIMIZATION_LEVEL = "-Onone";
			};
			name = Debug;
		};
		C57DADF122CA57A5001E09D2 /* Release */ = {
			isa = XCBuildConfiguration;
			buildSettings = {
				ALWAYS_SEARCH_USER_PATHS = NO;
				CLANG_ANALYZER_NONNULL = YES;
				CLANG_ANALYZER_NUMBER_OBJECT_CONVERSION = YES_AGGRESSIVE;
				CLANG_CXX_LANGUAGE_STANDARD = "gnu++14";
				CLANG_CXX_LIBRARY = "libc++";
				CLANG_ENABLE_MODULES = YES;
				CLANG_ENABLE_OBJC_ARC = YES;
				CLANG_ENABLE_OBJC_WEAK = YES;
				CLANG_WARN_BLOCK_CAPTURE_AUTORELEASING = YES;
				CLANG_WARN_BOOL_CONVERSION = YES;
				CLANG_WARN_COMMA = YES;
				CLANG_WARN_CONSTANT_CONVERSION = YES;
				CLANG_WARN_DEPRECATED_OBJC_IMPLEMENTATIONS = YES;
				CLANG_WARN_DIRECT_OBJC_ISA_USAGE = YES_ERROR;
				CLANG_WARN_DOCUMENTATION_COMMENTS = YES;
				CLANG_WARN_EMPTY_BODY = YES;
				CLANG_WARN_ENUM_CONVERSION = YES;
				CLANG_WARN_INFINITE_RECURSION = YES;
				CLANG_WARN_INT_CONVERSION = YES;
				CLANG_WARN_NON_LITERAL_NULL_CONVERSION = YES;
				CLANG_WARN_OBJC_IMPLICIT_RETAIN_SELF = YES;
				CLANG_WARN_OBJC_LITERAL_CONVERSION = YES;
				CLANG_WARN_OBJC_ROOT_CLASS = YES_ERROR;
				CLANG_WARN_RANGE_LOOP_ANALYSIS = YES;
				CLANG_WARN_STRICT_PROTOTYPES = YES;
				CLANG_WARN_SUSPICIOUS_MOVE = YES;
				CLANG_WARN_UNGUARDED_AVAILABILITY = YES_AGGRESSIVE;
				CLANG_WARN_UNREACHABLE_CODE = YES;
				CLANG_WARN__DUPLICATE_METHOD_MATCH = YES;
				CODE_SIGN_IDENTITY = "iPhone Developer";
				COPY_PHASE_STRIP = NO;
				DEBUG_INFORMATION_FORMAT = "dwarf-with-dsym";
				ENABLE_NS_ASSERTIONS = NO;
				ENABLE_STRICT_OBJC_MSGSEND = YES;
				GCC_C_LANGUAGE_STANDARD = gnu11;
				GCC_NO_COMMON_BLOCKS = YES;
				GCC_WARN_64_TO_32_BIT_CONVERSION = YES;
				GCC_WARN_ABOUT_RETURN_TYPE = YES_ERROR;
				GCC_WARN_UNDECLARED_SELECTOR = YES;
				GCC_WARN_UNINITIALIZED_AUTOS = YES_AGGRESSIVE;
				GCC_WARN_UNUSED_FUNCTION = YES;
				GCC_WARN_UNUSED_VARIABLE = YES;
				IPHONEOS_DEPLOYMENT_TARGET = 11.4;
				MTL_ENABLE_DEBUG_INFO = NO;
				SDKROOT = iphoneos;
				SWIFT_COMPILATION_MODE = wholemodule;
				SWIFT_OPTIMIZATION_LEVEL = "-O";
				VALIDATE_PRODUCT = YES;
			};
			name = Release;
		};
		C57DADF322CA57A5001E09D2 /* Debug */ = {
			isa = XCBuildConfiguration;
			buildSettings = {
				ASSETCATALOG_COMPILER_APPICON_NAME = AppIcon;
				CODE_SIGN_STYLE = Automatic;
				DEVELOPMENT_TEAM = 2BS8C8B5HJ;
				INFOPLIST_FILE = Concentration/Info.plist;
				LD_RUNPATH_SEARCH_PATHS = (
					"$(inherited)",
					"@executable_path/Frameworks",
				);
				PRODUCT_BUNDLE_IDENTIFIER = "Madalina-Sinca.Concentration";
				PRODUCT_NAME = "$(TARGET_NAME)";
				SWIFT_VERSION = 4.0;
				TARGETED_DEVICE_FAMILY = "1,2";
			};
			name = Debug;
		};
		C57DADF422CA57A5001E09D2 /* Release */ = {
			isa = XCBuildConfiguration;
			buildSettings = {
				ASSETCATALOG_COMPILER_APPICON_NAME = AppIcon;
				CODE_SIGN_STYLE = Automatic;
				DEVELOPMENT_TEAM = 2BS8C8B5HJ;
				INFOPLIST_FILE = Concentration/Info.plist;
				LD_RUNPATH_SEARCH_PATHS = (
					"$(inherited)",
					"@executable_path/Frameworks",
				);
				PRODUCT_BUNDLE_IDENTIFIER = "Madalina-Sinca.Concentration";
				PRODUCT_NAME = "$(TARGET_NAME)";
				SWIFT_VERSION = 4.0;
				TARGETED_DEVICE_FAMILY = "1,2";
			};
			name = Release;
		};
		C57DADF622CA57A5001E09D2 /* Debug */ = {
			isa = XCBuildConfiguration;
			buildSettings = {
				ALWAYS_EMBED_SWIFT_STANDARD_LIBRARIES = YES;
				BUNDLE_LOADER = "$(TEST_HOST)";
				CODE_SIGN_STYLE = Automatic;
				INFOPLIST_FILE = ConcentrationTests/Info.plist;
				LD_RUNPATH_SEARCH_PATHS = (
					"$(inherited)",
					"@executable_path/Frameworks",
					"@loader_path/Frameworks",
				);
				PRODUCT_BUNDLE_IDENTIFIER = "Madalina-Sinca.ConcentrationTests";
				PRODUCT_NAME = "$(TARGET_NAME)";
				SWIFT_VERSION = 4.0;
				TARGETED_DEVICE_FAMILY = "1,2";
				TEST_HOST = "$(BUILT_PRODUCTS_DIR)/Concentration.app/Concentration";
			};
			name = Debug;
		};
		C57DADF722CA57A5001E09D2 /* Release */ = {
			isa = XCBuildConfiguration;
			buildSettings = {
				ALWAYS_EMBED_SWIFT_STANDARD_LIBRARIES = YES;
				BUNDLE_LOADER = "$(TEST_HOST)";
				CODE_SIGN_STYLE = Automatic;
				INFOPLIST_FILE = ConcentrationTests/Info.plist;
				LD_RUNPATH_SEARCH_PATHS = (
					"$(inherited)",
					"@executable_path/Frameworks",
					"@loader_path/Frameworks",
				);
				PRODUCT_BUNDLE_IDENTIFIER = "Madalina-Sinca.ConcentrationTests";
				PRODUCT_NAME = "$(TARGET_NAME)";
				SWIFT_VERSION = 4.0;
				TARGETED_DEVICE_FAMILY = "1,2";
				TEST_HOST = "$(BUILT_PRODUCTS_DIR)/Concentration.app/Concentration";
			};
			name = Release;
		};
		C57DADF922CA57A5001E09D2 /* Debug */ = {
			isa = XCBuildConfiguration;
			buildSettings = {
				ALWAYS_EMBED_SWIFT_STANDARD_LIBRARIES = YES;
				CODE_SIGN_STYLE = Automatic;
				INFOPLIST_FILE = ConcentrationUITests/Info.plist;
				LD_RUNPATH_SEARCH_PATHS = (
					"$(inherited)",
					"@executable_path/Frameworks",
					"@loader_path/Frameworks",
				);
				PRODUCT_BUNDLE_IDENTIFIER = "Madalina-Sinca.ConcentrationUITests";
				PRODUCT_NAME = "$(TARGET_NAME)";
				SWIFT_VERSION = 4.0;
				TARGETED_DEVICE_FAMILY = "1,2";
				TEST_TARGET_NAME = Concentration;
			};
			name = Debug;
		};
		C57DADFA22CA57A5001E09D2 /* Release */ = {
			isa = XCBuildConfiguration;
			buildSettings = {
				ALWAYS_EMBED_SWIFT_STANDARD_LIBRARIES = YES;
				CODE_SIGN_STYLE = Automatic;
				INFOPLIST_FILE = ConcentrationUITests/Info.plist;
				LD_RUNPATH_SEARCH_PATHS = (
					"$(inherited)",
					"@executable_path/Frameworks",
					"@loader_path/Frameworks",
				);
				PRODUCT_BUNDLE_IDENTIFIER = "Madalina-Sinca.ConcentrationUITests";
				PRODUCT_NAME = "$(TARGET_NAME)";
				SWIFT_VERSION = 4.0;
				TARGETED_DEVICE_FAMILY = "1,2";
				TEST_TARGET_NAME = Concentration;
			};
			name = Release;
		};
/* End XCBuildConfiguration section */

/* Begin XCConfigurationList section */
		C57DADC522CA57A3001E09D2 /* Build configuration list for PBXProject "Concentration" */ = {
			isa = XCConfigurationList;
			buildConfigurations = (
				C57DADF022CA57A5001E09D2 /* Debug */,
				C57DADF122CA57A5001E09D2 /* Release */,
			);
			defaultConfigurationIsVisible = 0;
			defaultConfigurationName = Release;
		};
		C57DADF222CA57A5001E09D2 /* Build configuration list for PBXNativeTarget "Concentration" */ = {
			isa = XCConfigurationList;
			buildConfigurations = (
				C57DADF322CA57A5001E09D2 /* Debug */,
				C57DADF422CA57A5001E09D2 /* Release */,
			);
			defaultConfigurationIsVisible = 0;
			defaultConfigurationName = Release;
		};
		C57DADF522CA57A5001E09D2 /* Build configuration list for PBXNativeTarget "ConcentrationTests" */ = {
			isa = XCConfigurationList;
			buildConfigurations = (
				C57DADF622CA57A5001E09D2 /* Debug */,
				C57DADF722CA57A5001E09D2 /* Release */,
			);
			defaultConfigurationIsVisible = 0;
			defaultConfigurationName = Release;
		};
		C57DADF822CA57A5001E09D2 /* Build configuration list for PBXNativeTarget "ConcentrationUITests" */ = {
			isa = XCConfigurationList;
			buildConfigurations = (
				C57DADF922CA57A5001E09D2 /* Debug */,
				C57DADFA22CA57A5001E09D2 /* Release */,
			);
			defaultConfigurationIsVisible = 0;
			defaultConfigurationName = Release;
		};
/* End XCConfigurationList section */
	};
	rootObject = C57DADC222CA57A3001E09D2 /* Project object */;
}
